
Microsoft Visual Studio Solution File, Format Version 12.00
# Visual Studio Version 17
VisualStudioVersion = 17.9.34607.119
MinimumVisualStudioVersion = 10.0.40219.1
Project("{D2ABAB84-BF74-430A-B69E-9DC6D40DDA17}") = "myNorthwindSSAS", "myNorthwindSSAS.dwproj", "{6CEBADD3-437A-49AC-A4B9-98A6C87628A4}"
EndProject
Global
	GlobalSection(SolutionConfigurationPlatforms) = preSolution
		Development|Default = Development|Default
	EndGlobalSection
	GlobalSection(ProjectConfigurationPlatforms) = postSolution
		{6CEBADD3-437A-49AC-A4B9-98A6C87628A4}.Development|Default.ActiveCfg = Development
		{6CEBADD3-437A-49AC-A4B9-98A6C87628A4}.Development|Default.Build.0 = Development
		{6CEBADD3-437A-49AC-A4B9-98A6C87628A4}.Development|Default.Deploy.0 = Development
	EndGlobalSection
	GlobalSection(SolutionProperties) = preSolution
		HideSolutionNode = FALSE
	EndGlobalSection
	GlobalSection(ExtensibilityGlobals) = postSolution
		SolutionGuid = {8C087148-C8C1-4E74-BB81-54920742A8A9}
	EndGlobalSection
EndGlobal
